{
  "requires": true,
  "lockfileVersion": 1,
  "dependencies": {
    "@angular/common": {
      "version": "17.0.4",
      "resolved": "https://registry.npmjs.org/@angular/common/-/common-17.0.4.tgz",
      "integrity": "sha512-/y38PbuiaWOuOmP5ZELTlJSjZGijc6Nq2XQloT5pKsaH935prxPjyWazwlY6cUnJMQgSRU644/ULosDJec7Zxw==",
      "requires": {
        "tslib": "^2.3.0"
      }
    },
    "@angular/core": {
      "version": "17.0.4",
      "resolved": "https://registry.npmjs.org/@angular/core/-/core-17.0.4.tgz",
      "integrity": "sha512-zk+z5sYPZd87pLxECx27quB5FvSmoi9PjJlcSlaBwwqaGnh/tPJI14u3q1dRY/CoZgP9egEiwc428+DzvOzJew==",
      "requires": {
        "tslib": "^2.3.0"
      }
    },
    "@angular/platform-browser": {
      "version": "17.0.4",
      "resolved": "https://registry.npmjs.org/@angular/platform-browser/-/platform-browser-17.0.4.tgz",
      "integrity": "sha512-lApUzVPfCEz/4aot77qzWUNg7yQgT0JSzy3BrBm95+2TbgH894J9Fswhig0sEN9jxGSkc3A5Yp5fs1HJcPqUiw==",
      "requires": {
        "tslib": "^2.3.0"
      }
    },
    "tslib": {
      "version": "2.6.2",
      "resolved": "https://registry.npmjs.org/tslib/-/tslib-2.6.2.tgz",
      "integrity": "sha512-AEYxH93jGFPn/a2iVAwW87VuUIkR1FVUKB77NwMF7nBTDkDrrT/Hpt/IrCJ0QXhW27jTBDcf5ZY7w6RiqTMw2Q=="
    }
  }
}
